
Microsoft Visual Studio Solution File, Format Version 12.00
# Visual Studio Version 17
VisualStudioVersion = 17.9.34902.65
MinimumVisualStudioVersion = 10.0.40219.1
Project("{9A19103F-16F7-4668-BE54-9A1E7A4F7556}") = "Akoyur.TestTask.Entities", "Akoyur.TestTask.Entities\Akoyur.TestTask.Entities.csproj", "{8C151245-F91E-45F3-A52A-B9CB38E2534E}"
EndProject
Project("{9A19103F-16F7-4668-BE54-9A1E7A4F7556}") = "Akoyur.TestTask.Database", "Akoyur.TestTask.Database\Akoyur.TestTask.Database.csproj", "{B09E2E58-2DB1-44A3-A093-A1B1058DC442}"
EndProject
Project("{9A19103F-16F7-4668-BE54-9A1E7A4F7556}") = "Akoyur.TestTask.Infrastructure.Database", "Akoyur.TestTask.Infrastructure.Database\Akoyur.TestTask.Infrastructure.Database.csproj", "{87ACFA3B-E462-4DB9-9179-E75A396F6EC0}"
EndProject
Project("{9A19103F-16F7-4668-BE54-9A1E7A4F7556}") = "Akoyur.TestTask.Dto", "Akoyur.TestTask.Dto\Akoyur.TestTask.Dto.csproj", "{B9BAB189-8CC3-483E-962A-71552456F6F8}"
EndProject
Project("{9A19103F-16F7-4668-BE54-9A1E7A4F7556}") = "Akoyur.TestTask.Enumerations", "Akoyur.TestTask.Enumerations\Akoyur.TestTask.Enumerations.csproj", "{31BAC817-6710-49DD-84B6-018C04504145}"
EndProject
Project("{9A19103F-16F7-4668-BE54-9A1E7A4F7556}") = "Akoyur.TestTask.Abstractions", "Akoyur.TestTask.Abstractions\Akoyur.TestTask.Abstractions.csproj", "{1DC338A0-FA81-4CDD-AE3B-4ECC5B80594D}"
EndProject
Project("{9A19103F-16F7-4668-BE54-9A1E7A4F7556}") = "Akoyur.TestTask.Abstractions.Database", "Akoyur.TestTask.Abstractions.Database\Akoyur.TestTask.Abstractions.Database.csproj", "{332685DA-0D8A-4C82-AE29-A9BABB8B261D}"
EndProject
Project("{9A19103F-16F7-4668-BE54-9A1E7A4F7556}") = "Akoyur.TestTask.Mappings", "Akoyur.TestTask.Mappings\Akoyur.TestTask.Mappings.csproj", "{33C2D263-17BC-42DA-99C6-7FE1109B45C0}"
EndProject
Project("{2150E333-8FDC-42A3-9474-1A3956D46DE8}") = "Database", "Database", "{A8996DE1-2F6D-41A6-B5DC-9E601E626068}"
EndProject
Project("{2150E333-8FDC-42A3-9474-1A3956D46DE8}") = "Models", "Models", "{FC23AE89-EF55-4E01-B3E8-45DA80111CD0}"
EndProject
Project("{9A19103F-16F7-4668-BE54-9A1E7A4F7556}") = "Akoyur.TestTask.Application", "Akoyur.TestTask.Application\Akoyur.TestTask.Application.csproj", "{A50CC064-BA8D-415E-B6CE-B6B764897513}"
EndProject
Project("{9A19103F-16F7-4668-BE54-9A1E7A4F7556}") = "Akoyur.TestTask.WebAPI", "Akoyur.TestTask.WebAPI\Akoyur.TestTask.WebAPI.csproj", "{CF1257B2-1205-4E7D-9BC2-0AA8C4A66619}"
EndProject
Project("{9A19103F-16F7-4668-BE54-9A1E7A4F7556}") = "Akoyur.TestTask.ApiModels", "Akoyur.TestTask.ApiModels\Akoyur.TestTask.ApiModels.csproj", "{1C72C231-8320-4CBC-BD17-6E2C3AA30C2A}"
EndProject
Project("{2150E333-8FDC-42A3-9474-1A3956D46DE8}") = "Common", "Common", "{F292F7EB-06E5-4ED9-86B8-EAE738A3F944}"
EndProject
Project("{2150E333-8FDC-42A3-9474-1A3956D46DE8}") = "Core", "Core", "{91657B8C-D43F-4F0E-8763-CF0B76635431}"
EndProject
Project("{2150E333-8FDC-42A3-9474-1A3956D46DE8}") = "Hosts", "Hosts", "{30BE32F8-5952-4A00-ABC6-D9014F3ABFC0}"
EndProject
Project("{9A19103F-16F7-4668-BE54-9A1E7A4F7556}") = "Akoyur.TestTask.Helpers", "Akoyur.TestTask.Helpers\Akoyur.TestTask.Helpers.csproj", "{089F8174-9D87-4FB2-9771-205EF55DBF80}"
EndProject
Project("{9A19103F-16F7-4668-BE54-9A1E7A4F7556}") = "Akoyur.TestTask.Extensions", "Akoyur.TestTask.Extensions\Akoyur.TestTask.Extensions.csproj", "{10875261-7832-45B2-8F6C-540FBFAEB7EC}"
EndProject
Project("{9A19103F-16F7-4668-BE54-9A1E7A4F7556}") = "Akoyur.TestTask.Configuration", "Akoyur.TestTask.Configuration\Akoyur.TestTask.Configuration.csproj", "{2D66EDF1-764E-4041-AD9F-77B0E5E2648D}"
EndProject
Project("{54A90642-561A-4BB1-A94E-469ADEE60C69}") = "Akoyur.TestTask.SPAWebApp", "Akoyur.TestTask.SPAWebApp\Akoyur.TestTask.SPAWebApp.esproj", "{635C1D04-CCED-4C05-853D-0F2AFDC4D8B4}"
EndProject
Project("{2150E333-8FDC-42A3-9474-1A3956D46DE8}") = "Tests", "Tests", "{D16FAFC8-F952-431B-BF26-E68277AC9340}"
EndProject
Project("{FAE04EC0-301F-11D3-BF4B-00C04F79EFBC}") = "Akoyur.TestTask.Application.UnitTests", "Akoyur.TestTask.Application.UnitTests\Akoyur.TestTask.Application.UnitTests.csproj", "{E33D6942-FCBC-4351-831F-A1C665C8EAB7}"
EndProject
Global
	GlobalSection(SolutionConfigurationPlatforms) = preSolution
		Debug|Any CPU = Debug|Any CPU
		Release|Any CPU = Release|Any CPU
	EndGlobalSection
	GlobalSection(ProjectConfigurationPlatforms) = postSolution
		{8C151245-F91E-45F3-A52A-B9CB38E2534E}.Debug|Any CPU.ActiveCfg = Debug|Any CPU
		{8C151245-F91E-45F3-A52A-B9CB38E2534E}.Debug|Any CPU.Build.0 = Debug|Any CPU
		{8C151245-F91E-45F3-A52A-B9CB38E2534E}.Release|Any CPU.ActiveCfg = Release|Any CPU
		{8C151245-F91E-45F3-A52A-B9CB38E2534E}.Release|Any CPU.Build.0 = Release|Any CPU
		{B09E2E58-2DB1-44A3-A093-A1B1058DC442}.Debug|Any CPU.ActiveCfg = Debug|Any CPU
		{B09E2E58-2DB1-44A3-A093-A1B1058DC442}.Debug|Any CPU.Build.0 = Debug|Any CPU
		{B09E2E58-2DB1-44A3-A093-A1B1058DC442}.Release|Any CPU.ActiveCfg = Release|Any CPU
		{B09E2E58-2DB1-44A3-A093-A1B1058DC442}.Release|Any CPU.Build.0 = Release|Any CPU
		{87ACFA3B-E462-4DB9-9179-E75A396F6EC0}.Debug|Any CPU.ActiveCfg = Debug|Any CPU
		{87ACFA3B-E462-4DB9-9179-E75A396F6EC0}.Debug|Any CPU.Build.0 = Debug|Any CPU
		{87ACFA3B-E462-4DB9-9179-E75A396F6EC0}.Release|Any CPU.ActiveCfg = Release|Any CPU
		{87ACFA3B-E462-4DB9-9179-E75A396F6EC0}.Release|Any CPU.Build.0 = Release|Any CPU
		{B9BAB189-8CC3-483E-962A-71552456F6F8}.Debug|Any CPU.ActiveCfg = Debug|Any CPU
		{B9BAB189-8CC3-483E-962A-71552456F6F8}.Debug|Any CPU.Build.0 = Debug|Any CPU
		{B9BAB189-8CC3-483E-962A-71552456F6F8}.Release|Any CPU.ActiveCfg = Release|Any CPU
		{B9BAB189-8CC3-483E-962A-71552456F6F8}.Release|Any CPU.Build.0 = Release|Any CPU
		{31BAC817-6710-49DD-84B6-018C04504145}.Debug|Any CPU.ActiveCfg = Debug|Any CPU
		{31BAC817-6710-49DD-84B6-018C04504145}.Debug|Any CPU.Build.0 = Debug|Any CPU
		{31BAC817-6710-49DD-84B6-018C04504145}.Release|Any CPU.ActiveCfg = Release|Any CPU
		{31BAC817-6710-49DD-84B6-018C04504145}.Release|Any CPU.Build.0 = Release|Any CPU
		{1DC338A0-FA81-4CDD-AE3B-4ECC5B80594D}.Debug|Any CPU.ActiveCfg = Debug|Any CPU
		{1DC338A0-FA81-4CDD-AE3B-4ECC5B80594D}.Debug|Any CPU.Build.0 = Debug|Any CPU
		{1DC338A0-FA81-4CDD-AE3B-4ECC5B80594D}.Release|Any CPU.ActiveCfg = Release|Any CPU
		{1DC338A0-FA81-4CDD-AE3B-4ECC5B80594D}.Release|Any CPU.Build.0 = Release|Any CPU
		{332685DA-0D8A-4C82-AE29-A9BABB8B261D}.Debug|Any CPU.ActiveCfg = Debug|Any CPU
		{332685DA-0D8A-4C82-AE29-A9BABB8B261D}.Debug|Any CPU.Build.0 = Debug|Any CPU
		{332685DA-0D8A-4C82-AE29-A9BABB8B261D}.Release|Any CPU.ActiveCfg = Release|Any CPU
		{332685DA-0D8A-4C82-AE29-A9BABB8B261D}.Release|Any CPU.Build.0 = Release|Any CPU
		{33C2D263-17BC-42DA-99C6-7FE1109B45C0}.Debug|Any CPU.ActiveCfg = Debug|Any CPU
		{33C2D263-17BC-42DA-99C6-7FE1109B45C0}.Debug|Any CPU.Build.0 = Debug|Any CPU
		{33C2D263-17BC-42DA-99C6-7FE1109B45C0}.Release|Any CPU.ActiveCfg = Release|Any CPU
		{33C2D263-17BC-42DA-99C6-7FE1109B45C0}.Release|Any CPU.Build.0 = Release|Any CPU
		{A50CC064-BA8D-415E-B6CE-B6B764897513}.Debug|Any CPU.ActiveCfg = Debug|Any CPU
		{A50CC064-BA8D-415E-B6CE-B6B764897513}.Debug|Any CPU.Build.0 = Debug|Any CPU
		{A50CC064-BA8D-415E-B6CE-B6B764897513}.Release|Any CPU.ActiveCfg = Release|Any CPU
		{A50CC064-BA8D-415E-B6CE-B6B764897513}.Release|Any CPU.Build.0 = Release|Any CPU
		{CF1257B2-1205-4E7D-9BC2-0AA8C4A66619}.Debug|Any CPU.ActiveCfg = Debug|Any CPU
		{CF1257B2-1205-4E7D-9BC2-0AA8C4A66619}.Debug|Any CPU.Build.0 = Debug|Any CPU
		{CF1257B2-1205-4E7D-9BC2-0AA8C4A66619}.Release|Any CPU.ActiveCfg = Release|Any CPU
		{CF1257B2-1205-4E7D-9BC2-0AA8C4A66619}.Release|Any CPU.Build.0 = Release|Any CPU
		{1C72C231-8320-4CBC-BD17-6E2C3AA30C2A}.Debug|Any CPU.ActiveCfg = Debug|Any CPU
		{1C72C231-8320-4CBC-BD17-6E2C3AA30C2A}.Debug|Any CPU.Build.0 = Debug|Any CPU
		{1C72C231-8320-4CBC-BD17-6E2C3AA30C2A}.Release|Any CPU.ActiveCfg = Release|Any CPU
		{1C72C231-8320-4CBC-BD17-6E2C3AA30C2A}.Release|Any CPU.Build.0 = Release|Any CPU
		{089F8174-9D87-4FB2-9771-205EF55DBF80}.Debug|Any CPU.ActiveCfg = Debug|Any CPU
		{089F8174-9D87-4FB2-9771-205EF55DBF80}.Debug|Any CPU.Build.0 = Debug|Any CPU
		{089F8174-9D87-4FB2-9771-205EF55DBF80}.Release|Any CPU.ActiveCfg = Release|Any CPU
		{089F8174-9D87-4FB2-9771-205EF55DBF80}.Release|Any CPU.Build.0 = Release|Any CPU
		{10875261-7832-45B2-8F6C-540FBFAEB7EC}.Debug|Any CPU.ActiveCfg = Debug|Any CPU
		{10875261-7832-45B2-8F6C-540FBFAEB7EC}.Debug|Any CPU.Build.0 = Debug|Any CPU
		{10875261-7832-45B2-8F6C-540FBFAEB7EC}.Release|Any CPU.ActiveCfg = Release|Any CPU
		{10875261-7832-45B2-8F6C-540FBFAEB7EC}.Release|Any CPU.Build.0 = Release|Any CPU
		{2D66EDF1-764E-4041-AD9F-77B0E5E2648D}.Debug|Any CPU.ActiveCfg = Debug|Any CPU
		{2D66EDF1-764E-4041-AD9F-77B0E5E2648D}.Debug|Any CPU.Build.0 = Debug|Any CPU
		{2D66EDF1-764E-4041-AD9F-77B0E5E2648D}.Release|Any CPU.ActiveCfg = Release|Any CPU
		{2D66EDF1-764E-4041-AD9F-77B0E5E2648D}.Release|Any CPU.Build.0 = Release|Any CPU
		{635C1D04-CCED-4C05-853D-0F2AFDC4D8B4}.Debug|Any CPU.ActiveCfg = Debug|Any CPU
		{635C1D04-CCED-4C05-853D-0F2AFDC4D8B4}.Debug|Any CPU.Build.0 = Debug|Any CPU
		{635C1D04-CCED-4C05-853D-0F2AFDC4D8B4}.Debug|Any CPU.Deploy.0 = Debug|Any CPU
		{635C1D04-CCED-4C05-853D-0F2AFDC4D8B4}.Release|Any CPU.ActiveCfg = Release|Any CPU
		{635C1D04-CCED-4C05-853D-0F2AFDC4D8B4}.Release|Any CPU.Build.0 = Release|Any CPU
		{635C1D04-CCED-4C05-853D-0F2AFDC4D8B4}.Release|Any CPU.Deploy.0 = Release|Any CPU
		{E33D6942-FCBC-4351-831F-A1C665C8EAB7}.Debug|Any CPU.ActiveCfg = Debug|Any CPU
		{E33D6942-FCBC-4351-831F-A1C665C8EAB7}.Debug|Any CPU.Build.0 = Debug|Any CPU
		{E33D6942-FCBC-4351-831F-A1C665C8EAB7}.Release|Any CPU.ActiveCfg = Release|Any CPU
		{E33D6942-FCBC-4351-831F-A1C665C8EAB7}.Release|Any CPU.Build.0 = Release|Any CPU
	EndGlobalSection
	GlobalSection(SolutionProperties) = preSolution
		HideSolutionNode = FALSE
	EndGlobalSection
	GlobalSection(NestedProjects) = preSolution
		{8C151245-F91E-45F3-A52A-B9CB38E2534E} = {FC23AE89-EF55-4E01-B3E8-45DA80111CD0}
		{B09E2E58-2DB1-44A3-A093-A1B1058DC442} = {A8996DE1-2F6D-41A6-B5DC-9E601E626068}
		{87ACFA3B-E462-4DB9-9179-E75A396F6EC0} = {A8996DE1-2F6D-41A6-B5DC-9E601E626068}
		{B9BAB189-8CC3-483E-962A-71552456F6F8} = {FC23AE89-EF55-4E01-B3E8-45DA80111CD0}
		{31BAC817-6710-49DD-84B6-018C04504145} = {F292F7EB-06E5-4ED9-86B8-EAE738A3F944}
		{1DC338A0-FA81-4CDD-AE3B-4ECC5B80594D} = {F292F7EB-06E5-4ED9-86B8-EAE738A3F944}
		{332685DA-0D8A-4C82-AE29-A9BABB8B261D} = {A8996DE1-2F6D-41A6-B5DC-9E601E626068}
		{33C2D263-17BC-42DA-99C6-7FE1109B45C0} = {FC23AE89-EF55-4E01-B3E8-45DA80111CD0}
		{A50CC064-BA8D-415E-B6CE-B6B764897513} = {91657B8C-D43F-4F0E-8763-CF0B76635431}
		{CF1257B2-1205-4E7D-9BC2-0AA8C4A66619} = {30BE32F8-5952-4A00-ABC6-D9014F3ABFC0}
		{1C72C231-8320-4CBC-BD17-6E2C3AA30C2A} = {FC23AE89-EF55-4E01-B3E8-45DA80111CD0}
		{089F8174-9D87-4FB2-9771-205EF55DBF80} = {F292F7EB-06E5-4ED9-86B8-EAE738A3F944}
		{10875261-7832-45B2-8F6C-540FBFAEB7EC} = {F292F7EB-06E5-4ED9-86B8-EAE738A3F944}
		{2D66EDF1-764E-4041-AD9F-77B0E5E2648D} = {F292F7EB-06E5-4ED9-86B8-EAE738A3F944}
		{635C1D04-CCED-4C05-853D-0F2AFDC4D8B4} = {30BE32F8-5952-4A00-ABC6-D9014F3ABFC0}
		{E33D6942-FCBC-4351-831F-A1C665C8EAB7} = {D16FAFC8-F952-431B-BF26-E68277AC9340}
	EndGlobalSection
	GlobalSection(ExtensibilityGlobals) = postSolution
		SolutionGuid = {4F284FEC-6F27-49A0-96D1-397CED328887}
	EndGlobalSection
EndGlobal
